
Microsoft Visual Studio Solution File, Format Version 12.00
# Visual Studio 15
VisualStudioVersion = 15.0.28307.329
MinimumVisualStudioVersion = 10.0.40219.1
Project("{FAE04EC0-301F-11D3-BF4B-00C04F79EFBC}") = "BoxingUnboxing", "BoxingUnboxing\BoxingUnboxing.csproj", "{4525184B-85ED-4819-A319-E2C994B8A5E7}"
EndProject
Global
	GlobalSection(SolutionConfigurationPlatforms) = preSolution
		Debug|Any CPU = Debug|Any CPU
		Release|Any CPU = Release|Any CPU
	EndGlobalSection
	GlobalSection(ProjectConfigurationPlatforms) = postSolution
		{4525184B-85ED-4819-A319-E2C994B8A5E7}.Debug|Any CPU.ActiveCfg = Debug|Any CPU
		{4525184B-85ED-4819-A319-E2C994B8A5E7}.Debug|Any CPU.Build.0 = Debug|Any CPU
		{4525184B-85ED-4819-A319-E2C994B8A5E7}.Release|Any CPU.ActiveCfg = Release|Any CPU
		{4525184B-85ED-4819-A319-E2C994B8A5E7}.Release|Any CPU.Build.0 = Release|Any CPU
	EndGlobalSection
	GlobalSection(SolutionProperties) = preSolution
		HideSolutionNode = FALSE
	EndGlobalSection
	GlobalSection(ExtensibilityGlobals) = postSolution
		SolutionGuid = {9794D2E7-99F6-423F-96DA-63AA1E1944B6}
	EndGlobalSection
EndGlobal
